
Microsoft Visual Studio Solution File, Format Version 12.00
# Visual Studio Version 17
VisualStudioVersion = 17.0.32002.185
MinimumVisualStudioVersion = 10.0.40219.1
Project("{FAE04EC0-301F-11D3-BF4B-00C04F79EFBC}") = "LeetCode", "LeetCode.csproj", "{9C7C422B-384C-46F7-9F2E-C882FE76E563}"
EndProject
Global
	GlobalSection(SolutionConfigurationPlatforms) = preSolution
		Debug|Any CPU = Debug|Any CPU
		Release|Any CPU = Release|Any CPU
	EndGlobalSection
	GlobalSection(ProjectConfigurationPlatforms) = postSolution
		{9C7C422B-384C-46F7-9F2E-C882FE76E563}.Debug|Any CPU.ActiveCfg = Debug|Any CPU
		{9C7C422B-384C-46F7-9F2E-C882FE76E563}.Debug|Any CPU.Build.0 = Debug|Any CPU
		{9C7C422B-384C-46F7-9F2E-C882FE76E563}.Release|Any CPU.ActiveCfg = Release|Any CPU
		{9C7C422B-384C-46F7-9F2E-C882FE76E563}.Release|Any CPU.Build.0 = Release|Any CPU
	EndGlobalSection
	GlobalSection(SolutionProperties) = preSolution
		HideSolutionNode = FALSE
	EndGlobalSection
	GlobalSection(ExtensibilityGlobals) = postSolution
		SolutionGuid = {BB28DF31-5712-45DE-8599-8949018EA8BE}
	EndGlobalSection
EndGlobal
